[[package]]
category = "main"
description = "Extensible memoizing collections and decorators"
name = "cachetools"
optional = false
python-versions = "*"
version = "3.1.1"

[[package]]
category = "main"
description = "Python package for providing Mozilla's CA Bundle."
name = "certifi"
optional = false
python-versions = "*"
version = "2019.9.11"

[[package]]
category = "main"
description = "Universal encoding detector for Python 2 and 3"
name = "chardet"
optional = false
python-versions = "*"
version = "3.0.4"

[[package]]
category = "main"
description = "Google Authentication Library"
name = "google-auth"
optional = false
python-versions = ">=2.7,!=3.0.*,!=3.1.*,!=3.2.*,!=3.3.*"
version = "1.6.3"

[package.dependencies]
cachetools = ">=2.0.0"
pyasn1-modules = ">=0.2.1"
rsa = ">=3.1.4"
six = ">=1.9.0"

[[package]]
category = "main"
description = "Internationalized Domain Names in Applications (IDNA)"
name = "idna"
optional = false
python-versions = ">=2.7, !=3.0.*, !=3.1.*, !=3.2.*, !=3.3.*"
version = "2.8"

[[package]]
category = "main"
description = "Kubernetes python client"
name = "kubernetes"
optional = false
python-versions = "*"
version = "10.0.1"

[package.dependencies]
certifi = ">=14.05.14"
google-auth = ">=1.0.1"
python-dateutil = ">=2.5.3"
pyyaml = ">=3.12"
requests = "*"
requests-oauthlib = "*"
setuptools = ">=21.0.0"
six = ">=1.9.0"
urllib3 = ">=1.24.2"
websocket-client = ">=0.32.0,<0.40.0 || >0.40.0,<0.41.0 || >=0.43.0"

[[package]]
category = "main"
description = "A generic, spec-compliant, thorough implementation of the OAuth request-signing logic"
name = "oauthlib"
optional = false
python-versions = ">=2.7, !=3.0.*, !=3.1.*, !=3.2.*, !=3.3.*"
version = "3.1.0"

[[package]]
category = "main"
description = "ASN.1 types and codecs"
name = "pyasn1"
optional = false
python-versions = "*"
version = "0.4.7"

[[package]]
category = "main"
description = "A collection of ASN.1-based protocols modules."
name = "pyasn1-modules"
optional = false
python-versions = "*"
version = "0.2.6"

[package.dependencies]
pyasn1 = ">=0.4.6,<0.5.0"

[[package]]
category = "main"
description = "Extensions to the standard Python datetime module"
name = "python-dateutil"
optional = false
python-versions = ">=2.7, !=3.0.*, !=3.1.*, !=3.2.*"
version = "2.8.0"

[package.dependencies]
six = ">=1.5"

[[package]]
category = "main"
description = "YAML parser and emitter for Python"
name = "pyyaml"
optional = false
python-versions = ">=2.7, !=3.0.*, !=3.1.*, !=3.2.*, !=3.3.*"
version = "5.1.2"

[[package]]
category = "main"
description = "Python HTTP for Humans."
name = "requests"
optional = false
python-versions = ">=2.7, !=3.0.*, !=3.1.*, !=3.2.*, !=3.3.*, !=3.4.*"
version = "2.22.0"

[package.dependencies]
certifi = ">=2017.4.17"
chardet = ">=3.0.2,<3.1.0"
idna = ">=2.5,<2.9"
urllib3 = ">=1.21.1,<1.25.0 || >1.25.0,<1.25.1 || >1.25.1,<1.26"

[[package]]
category = "main"
description = "OAuthlib authentication support for Requests."
name = "requests-oauthlib"
optional = false
python-versions = ">=2.7, !=3.0.*, !=3.1.*, !=3.2.*, !=3.3.*"
version = "1.2.0"

[package.dependencies]
oauthlib = ">=3.0.0"
requests = ">=2.0.0"

[[package]]
category = "main"
description = "Pure-Python RSA implementation"
name = "rsa"
optional = false
python-versions = "*"
version = "4.0"

[package.dependencies]
pyasn1 = ">=0.1.3"

[[package]]
category = "main"
description = "Python 2 and 3 compatibility utilities"
name = "six"
optional = false
python-versions = ">=2.6, !=3.0.*, !=3.1.*"
version = "1.12.0"

[[package]]
category = "main"
description = "HTTP library with thread-safe connection pooling, file post, and more."
name = "urllib3"
optional = false
python-versions = ">=2.7, !=3.0.*, !=3.1.*, !=3.2.*, !=3.3.*, <4"
version = "1.25.3"

[[package]]
category = "main"
description = "WebSocket client for Python. hybi13 is supported."
name = "websocket-client"
optional = false
python-versions = ">=2.6, !=3.0.*, !=3.1.*, !=3.2.*, !=3.3.*"
version = "0.56.0"

[package.dependencies]
six = "*"

[metadata]
content-hash = "4c9acc035872c64b30064a8e21b167cd25528d8861115535459a94081e7069a6"
python-versions = "^3.6"

[metadata.hashes]
cachetools = ["428266a1c0d36dc5aca63a2d7c5942e88c2c898d72139fca0e97fdd2380517ae", "8ea2d3ce97850f31e4a08b0e2b5e6c34997d7216a9d2c98e0f3978630d4da69a"]
certifi = ["e4f3620cfea4f83eedc95b24abd9cd56f3c4b146dd0177e83a21b4eb49e21e50", "fd7c7c74727ddcf00e9acd26bba8da604ffec95bf1c2144e67aff7a8b50e6cef"]
chardet = ["84ab92ed1c4d4f16916e05906b6b75a6c0fb5db821cc65e70cbd64a3e2a5eaae", "fc323ffcaeaed0e0a02bf4d117757b98aed530d9ed4531e3e15460124c106691"]
google-auth = ["0f7c6a64927d34c1a474da92cfc59e552a5d3b940d3266606c6a28b72888b9e4", "20705f6803fd2c4d1cc2dcb0df09d4dfcb9a7d51fd59e94a3a28231fd93119ed"]
idna = ["c357b3f628cf53ae2c4c05627ecc484553142ca23264e593d327bcde5e9c3407", "ea8b7f6188e6fa117537c3df7da9fc686d485087abf6ac197f9c46432f7e4a3c"]
kubernetes = ["3770a496663396ad1def665eeadb947b3f45217a08b64b10c01a57e981ac8592", "a6dee02a1b39ea4bb9c4c2cc415ea0ada33d8ea0a920f7d4fb6d166989dcac01"]
oauthlib = ["bee41cc35fcca6e988463cacc3bcb8a96224f470ca547e697b604cc697b2f889", "df884cd6cbe20e32633f1db1072e9356f53638e4361bef4e8b03c9127c9328ea"]
pyasn1 = ["1321d4b2f051410fe7302bb1619903d30b24ba1451d019c11d242d11b2a35444", "2860a047f666afd23b197a65f33145313511c368ce919b2d9b1853ffd3e9d32d", "2919babd43b3b44247c23201b71072c0c65a636daa595cad5bcd276094dbfc2d", "437a23121602c0bb6c65320b27e31e334ffd73a9ca5c6c075b66b6270b1a8184", "5a89df3c62688261e27439d5715fd0d3ca6bf7bf1067e2171642e92aff17e817", "62cdade8b5530f0b185e09855dd422bc05c0bbff6b72ff61381c09dac7befd8c", "67a43aec85f4ea96e72a7b22227ba7a45cf03b7297e1a53418be164bbf68335e", "813b198c169e9442f340743f77093435bf3e1de8d1731f3abc45d44afba17556", "96c44b5604e7674e53e27fce98f3fc68821d9546151b98842c27b533122649da", "a9495356ca1d66ed197a0f72b41eb1823cf7ea8b5bd07191673e8147aecf8604", "bcac468e38d16e94fee4c8f76eef1feb9a06a911e93465f2351a4140fa66d303", "c39d11c72f0e5e71faa35c8c8ef5ee9b810ec99a3c64f05133f1325fe5636bba", "f124185ccc1c1c5e782aa58d46bc28be279673a482334d70de6735d05d8b4b10"]
pyasn1-modules = ["256c234d85baf315f0e99786d812e68b816e4ee4b35bac982689198ff3df5a61", "3b350a01813f4878f4ebb3e7348d3753556b120145460a810e3121fe78925923", "43c17a83c155229839cc5c6b868e8d0c6041dba149789b6d6e28801c64821722", "525edd202cadbb014587e6e8a82a86424d4c92340222000b300cfd4041625f5a", "5965cb606a914b1b086f6ffdb9e526b5ec21cea81ba0bb75f3b807d5500dda1a", "75819dd99d1be4effd1322859ec8ac3fa7c7503fec0acbce6985b2aae41aa838", "a00100a99dcc71a97b2291fcac868a39f32a72cc54d86a4e5504b34b2f5f8584", "a480489471e67c579f49057a10879cc9a787b64a84af00ed2ed3f68a652b0197", "b3899b59d6c6b4e91e9c5278ec49c0adb971349ef9c3531ae67149e3bb0b272b", "b5e0ab3dc16f42ef0c2e5ebf51db9f1e1aa734a68a4d26a2b475a289182b697f", "bf68431a9043b35aa0a18b865ecbb19ec19f8354488ea0b3b5d9ec33cb4c2be5", "e30199a9d221f1b26c885ff3d87fd08694dbbe18ed0e8e405a2a7126d30ce4c0", "ee0eb28ad9e9c0237954b4ca4c8a91cc2e98476c1dc9a1422310332518b0dd82"]
python-dateutil = ["7e6584c74aeed623791615e26efd690f29817a27c73085b78e4bad02493df2fb", "c89805f6f4d64db21ed966fda138f8a5ed7a4fdbc1a8ee329ce1b74e3c74da9e"]
pyyaml = ["0113bc0ec2ad727182326b61326afa3d1d8280ae1122493553fd6f4397f33df9", "01adf0b6c6f61bd11af6e10ca52b7d4057dd0be0343eb9283c878cf3af56aee4", "5124373960b0b3f4aa7df1707e63e9f109b5263eca5976c66e08b1c552d4eaf8", "5ca4f10adbddae56d824b2c09668e91219bb178a1eee1faa56af6f99f11bf696", "7907be34ffa3c5a32b60b95f4d95ea25361c951383a894fec31be7252b2b6f34", "7ec9b2a4ed5cad025c2278a1e6a19c011c80a3caaac804fd2d329e9cc2c287c9", "87ae4c829bb25b9fe99cf71fbb2140c448f534e24c998cc60f39ae4f94396a73", "9de9919becc9cc2ff03637872a440195ac4241c80536632fffeb6a1e25a74299", "a5a85b10e450c66b49f98846937e8cfca1db3127a9d5d1e31ca45c3d0bef4c5b", "b0997827b4f6a7c286c01c5f60384d218dca4ed7d9efa945c3e1aa623d5709ae", "b631ef96d3222e62861443cc89d6563ba3eeb816eeb96b2629345ab795e53681", "bf47c0607522fdbca6c9e817a6e81b08491de50f3766a7a0e6a5be7905961b41", "f81025eddd0327c7d4cfe9b62cf33190e1e736cc6e97502b3ec425f574b3e7a8"]
requests = ["11e007a8a2aa0323f5a921e9e6a2d7e4e67d9877e85773fba9ba6419025cbeb4", "9cf5292fcd0f598c671cfc1e0d7d1a7f13bb8085e9a590f48c010551dc6c4b31"]
requests-oauthlib = ["bd6533330e8748e94bf0b214775fed487d309b8b8fe823dc45641ebcd9a32f57", "d3ed0c8f2e3bbc6b344fa63d6f933745ab394469da38db16bdddb461c7e25140", "dd5a0499abfefd087c6dd96693cbd5bfd28aa009719a7f85ab3fabe3956ef19a"]
rsa = ["14ba45700ff1ec9eeb206a2ce76b32814958a98e372006c8fb76ba820211be66", "1a836406405730121ae9823e19c6e806c62bbad73f890574fff50efa4122c487"]
six = ["3350809f0555b11f552448330d0b52d5f24c91a322ea4a15ef22629740f3761c", "d16a0141ec1a18405cd4ce8b4613101da75da0e9a7aec5bdd4fa804d0e0eba73"]
urllib3 = ["b246607a25ac80bedac05c6f282e3cdaf3afb65420fd024ac94435cabe6e18d1", "dbe59173209418ae49d485b87d1681aefa36252ee85884c31346debd19463232"]
websocket-client = ["1151d5fb3a62dc129164292e1227655e4bbc5dd5340a5165dfae61128ec50aa9", "1fd5520878b68b84b5748bb30e592b10d0a91529d5383f74f4964e72b297fd3a"]
